
Microsoft Visual Studio Solution File, Format Version 12.00
# Visual Studio Version 17
VisualStudioVersion = 17.9.34622.214
MinimumVisualStudioVersion = 10.0.40219.1
Project("{9A19103F-16F7-4668-BE54-9A1E7A4F7556}") = "Task1_2", "Task1\Task1_2.csproj", "{BE628D05-6A9E-4963-8C83-BF7888845B8A}"
EndProject
Project("{9A19103F-16F7-4668-BE54-9A1E7A4F7556}") = "Task3", "Task3\Task3.csproj", "{422BBC0F-DD0C-44D4-AB68-736117C82053}"
EndProject
Project("{9A19103F-16F7-4668-BE54-9A1E7A4F7556}") = "Task4", "Task4\Task4.csproj", "{070337DE-12D5-4956-A7BE-93B6366CC9B9}"
EndProject
Global
	GlobalSection(SolutionConfigurationPlatforms) = preSolution
		Debug|Any CPU = Debug|Any CPU
		Release|Any CPU = Release|Any CPU
	EndGlobalSection
	GlobalSection(ProjectConfigurationPlatforms) = postSolution
		{BE628D05-6A9E-4963-8C83-BF7888845B8A}.Debug|Any CPU.ActiveCfg = Debug|Any CPU
		{BE628D05-6A9E-4963-8C83-BF7888845B8A}.Debug|Any CPU.Build.0 = Debug|Any CPU
		{BE628D05-6A9E-4963-8C83-BF7888845B8A}.Release|Any CPU.ActiveCfg = Release|Any CPU
		{BE628D05-6A9E-4963-8C83-BF7888845B8A}.Release|Any CPU.Build.0 = Release|Any CPU
		{422BBC0F-DD0C-44D4-AB68-736117C82053}.Debug|Any CPU.ActiveCfg = Debug|Any CPU
		{422BBC0F-DD0C-44D4-AB68-736117C82053}.Debug|Any CPU.Build.0 = Debug|Any CPU
		{422BBC0F-DD0C-44D4-AB68-736117C82053}.Release|Any CPU.ActiveCfg = Release|Any CPU
		{422BBC0F-DD0C-44D4-AB68-736117C82053}.Release|Any CPU.Build.0 = Release|Any CPU
		{070337DE-12D5-4956-A7BE-93B6366CC9B9}.Debug|Any CPU.ActiveCfg = Debug|Any CPU
		{070337DE-12D5-4956-A7BE-93B6366CC9B9}.Debug|Any CPU.Build.0 = Debug|Any CPU
		{070337DE-12D5-4956-A7BE-93B6366CC9B9}.Release|Any CPU.ActiveCfg = Release|Any CPU
		{070337DE-12D5-4956-A7BE-93B6366CC9B9}.Release|Any CPU.Build.0 = Release|Any CPU
	EndGlobalSection
	GlobalSection(SolutionProperties) = preSolution
		HideSolutionNode = FALSE
	EndGlobalSection
	GlobalSection(ExtensibilityGlobals) = postSolution
		SolutionGuid = {D9277E94-4229-4221-A4BF-AB196A40ACD5}
	EndGlobalSection
EndGlobal
