
Microsoft Visual Studio Solution File, Format Version 12.00
# Visual Studio Version 17
VisualStudioVersion = 17.9.34616.47
MinimumVisualStudioVersion = 10.0.40219.1
Project("{9A19103F-16F7-4668-BE54-9A1E7A4F7556}") = "Task1", "Task1\Task1.csproj", "{6A2067F5-FD13-46C2-8111-8570EBE3F825}"
EndProject
Project("{9A19103F-16F7-4668-BE54-9A1E7A4F7556}") = "Task2", "Task2\Task2.csproj", "{1FFCBA74-AF7F-4F12-B77D-A47BB02BE7B7}"
EndProject
Project("{9A19103F-16F7-4668-BE54-9A1E7A4F7556}") = "Task3", "Task3\Task3.csproj", "{4C8B2AF4-5529-4009-A95C-BAFB16774C3A}"
EndProject
Project("{9A19103F-16F7-4668-BE54-9A1E7A4F7556}") = "Task4.1", "Task4\Task4.1.csproj", "{EC5F4BEB-9916-4C70-B631-0C4651FA8EF9}"
EndProject
Project("{9A19103F-16F7-4668-BE54-9A1E7A4F7556}") = "Task4.2", "Task4_2\Task4.2.csproj", "{73456B7E-8E34-4B43-BD20-3C668DE9503C}"
EndProject
Project("{9A19103F-16F7-4668-BE54-9A1E7A4F7556}") = "Task4.3", "Task4.3\Task4.3.csproj", "{C552574D-0D65-4936-A55D-1EB46D5AF0B4}"
EndProject
Project("{9A19103F-16F7-4668-BE54-9A1E7A4F7556}") = "Task5", "Task5\Task5.csproj", "{64C32364-098A-4F9C-9C2B-310FE1F17979}"
EndProject
Project("{9A19103F-16F7-4668-BE54-9A1E7A4F7556}") = "Task6", "Task6\Task6.csproj", "{54CE74CE-D159-4659-8652-80E81310C1C7}"
EndProject
Project("{9A19103F-16F7-4668-BE54-9A1E7A4F7556}") = "Task 3.3.0", "Task 3.3.0\Task 3.3.0.csproj", "{0169DE8C-8713-47B0-BE74-DE6A404FC76B}"
EndProject
Project("{9A19103F-16F7-4668-BE54-9A1E7A4F7556}") = "Task 3.3.1", "Task 3.3.1\Task 3.3.1.csproj", "{22DF4AC6-0058-41E4-8EA9-E3666F72F677}"
EndProject
Project("{9A19103F-16F7-4668-BE54-9A1E7A4F7556}") = "Task 3.3.2", "Task3.3.2\Task 3.3.2.csproj", "{1D3FF8E7-2657-4BA0-B837-839BFE941D8D}"
EndProject
Project("{FAE04EC0-301F-11D3-BF4B-00C04F79EFBC}") = "Task 3.3.3", "Task 3.3.3\Task 3.3.3.csproj", "{FDAC83CD-451B-4DBE-BDF5-B81F6DB5474B}"
EndProject
Project("{FAE04EC0-301F-11D3-BF4B-00C04F79EFBC}") = "Task 3.3.4", "Task 3.3.4\Task 3.3.4.csproj", "{31791373-7C54-4B9D-94CC-452EA87B8A99}"
EndProject
Project("{FAE04EC0-301F-11D3-BF4B-00C04F79EFBC}") = "Task 3.3.5", "Task 3.3.5\Task 3.3.5.csproj", "{37965204-C3F2-4A4F-B4D9-C4B6042107DF}"
EndProject
Project("{FAE04EC0-301F-11D3-BF4B-00C04F79EFBC}") = "Task 3.3.6", "Task 3.3.6\Task 3.3.6.csproj", "{0151B5DF-E26F-4B2D-9AA8-4FBD2B3EB5F1}"
EndProject
Project("{FAE04EC0-301F-11D3-BF4B-00C04F79EFBC}") = "Task 3.3.7", "Task 3.3.7\Task 3.3.7.csproj", "{B8ECDCBC-D8D7-4EAD-A5EB-8C81D3C65D1D}"
EndProject
Project("{FAE04EC0-301F-11D3-BF4B-00C04F79EFBC}") = "Task 3.3.8", "Task 3.3.8\Task 3.3.8.csproj", "{2D9B94DD-0387-4D34-920B-2FBAC36DA8CB}"
EndProject
Project("{FAE04EC0-301F-11D3-BF4B-00C04F79EFBC}") = "Task 3.3.9", "Task 3.3.9\Task 3.3.9.csproj", "{0A9ACD4F-C5BC-4DF8-AA4D-50AD4FF8DD15}"
EndProject
Global
	GlobalSection(SolutionConfigurationPlatforms) = preSolution
		Debug|Any CPU = Debug|Any CPU
		Release|Any CPU = Release|Any CPU
	EndGlobalSection
	GlobalSection(ProjectConfigurationPlatforms) = postSolution
		{6A2067F5-FD13-46C2-8111-8570EBE3F825}.Debug|Any CPU.ActiveCfg = Debug|Any CPU
		{6A2067F5-FD13-46C2-8111-8570EBE3F825}.Debug|Any CPU.Build.0 = Debug|Any CPU
		{6A2067F5-FD13-46C2-8111-8570EBE3F825}.Release|Any CPU.ActiveCfg = Release|Any CPU
		{6A2067F5-FD13-46C2-8111-8570EBE3F825}.Release|Any CPU.Build.0 = Release|Any CPU
		{1FFCBA74-AF7F-4F12-B77D-A47BB02BE7B7}.Debug|Any CPU.ActiveCfg = Debug|Any CPU
		{1FFCBA74-AF7F-4F12-B77D-A47BB02BE7B7}.Debug|Any CPU.Build.0 = Debug|Any CPU
		{1FFCBA74-AF7F-4F12-B77D-A47BB02BE7B7}.Release|Any CPU.ActiveCfg = Release|Any CPU
		{1FFCBA74-AF7F-4F12-B77D-A47BB02BE7B7}.Release|Any CPU.Build.0 = Release|Any CPU
		{4C8B2AF4-5529-4009-A95C-BAFB16774C3A}.Debug|Any CPU.ActiveCfg = Debug|Any CPU
		{4C8B2AF4-5529-4009-A95C-BAFB16774C3A}.Debug|Any CPU.Build.0 = Debug|Any CPU
		{4C8B2AF4-5529-4009-A95C-BAFB16774C3A}.Release|Any CPU.ActiveCfg = Release|Any CPU
		{4C8B2AF4-5529-4009-A95C-BAFB16774C3A}.Release|Any CPU.Build.0 = Release|Any CPU
		{EC5F4BEB-9916-4C70-B631-0C4651FA8EF9}.Debug|Any CPU.ActiveCfg = Debug|Any CPU
		{EC5F4BEB-9916-4C70-B631-0C4651FA8EF9}.Debug|Any CPU.Build.0 = Debug|Any CPU
		{EC5F4BEB-9916-4C70-B631-0C4651FA8EF9}.Release|Any CPU.ActiveCfg = Release|Any CPU
		{EC5F4BEB-9916-4C70-B631-0C4651FA8EF9}.Release|Any CPU.Build.0 = Release|Any CPU
		{73456B7E-8E34-4B43-BD20-3C668DE9503C}.Debug|Any CPU.ActiveCfg = Debug|Any CPU
		{73456B7E-8E34-4B43-BD20-3C668DE9503C}.Debug|Any CPU.Build.0 = Debug|Any CPU
		{73456B7E-8E34-4B43-BD20-3C668DE9503C}.Release|Any CPU.ActiveCfg = Release|Any CPU
		{73456B7E-8E34-4B43-BD20-3C668DE9503C}.Release|Any CPU.Build.0 = Release|Any CPU
		{C552574D-0D65-4936-A55D-1EB46D5AF0B4}.Debug|Any CPU.ActiveCfg = Debug|Any CPU
		{C552574D-0D65-4936-A55D-1EB46D5AF0B4}.Debug|Any CPU.Build.0 = Debug|Any CPU
		{C552574D-0D65-4936-A55D-1EB46D5AF0B4}.Release|Any CPU.ActiveCfg = Release|Any CPU
		{C552574D-0D65-4936-A55D-1EB46D5AF0B4}.Release|Any CPU.Build.0 = Release|Any CPU
		{64C32364-098A-4F9C-9C2B-310FE1F17979}.Debug|Any CPU.ActiveCfg = Debug|Any CPU
		{64C32364-098A-4F9C-9C2B-310FE1F17979}.Debug|Any CPU.Build.0 = Debug|Any CPU
		{64C32364-098A-4F9C-9C2B-310FE1F17979}.Release|Any CPU.ActiveCfg = Release|Any CPU
		{64C32364-098A-4F9C-9C2B-310FE1F17979}.Release|Any CPU.Build.0 = Release|Any CPU
		{54CE74CE-D159-4659-8652-80E81310C1C7}.Debug|Any CPU.ActiveCfg = Debug|Any CPU
		{54CE74CE-D159-4659-8652-80E81310C1C7}.Debug|Any CPU.Build.0 = Debug|Any CPU
		{54CE74CE-D159-4659-8652-80E81310C1C7}.Release|Any CPU.ActiveCfg = Release|Any CPU
		{54CE74CE-D159-4659-8652-80E81310C1C7}.Release|Any CPU.Build.0 = Release|Any CPU
		{0169DE8C-8713-47B0-BE74-DE6A404FC76B}.Debug|Any CPU.ActiveCfg = Debug|Any CPU
		{0169DE8C-8713-47B0-BE74-DE6A404FC76B}.Debug|Any CPU.Build.0 = Debug|Any CPU
		{0169DE8C-8713-47B0-BE74-DE6A404FC76B}.Release|Any CPU.ActiveCfg = Release|Any CPU
		{0169DE8C-8713-47B0-BE74-DE6A404FC76B}.Release|Any CPU.Build.0 = Release|Any CPU
		{22DF4AC6-0058-41E4-8EA9-E3666F72F677}.Debug|Any CPU.ActiveCfg = Debug|Any CPU
		{22DF4AC6-0058-41E4-8EA9-E3666F72F677}.Debug|Any CPU.Build.0 = Debug|Any CPU
		{22DF4AC6-0058-41E4-8EA9-E3666F72F677}.Release|Any CPU.ActiveCfg = Release|Any CPU
		{22DF4AC6-0058-41E4-8EA9-E3666F72F677}.Release|Any CPU.Build.0 = Release|Any CPU
		{1D3FF8E7-2657-4BA0-B837-839BFE941D8D}.Debug|Any CPU.ActiveCfg = Debug|Any CPU
		{1D3FF8E7-2657-4BA0-B837-839BFE941D8D}.Debug|Any CPU.Build.0 = Debug|Any CPU
		{1D3FF8E7-2657-4BA0-B837-839BFE941D8D}.Release|Any CPU.ActiveCfg = Release|Any CPU
		{1D3FF8E7-2657-4BA0-B837-839BFE941D8D}.Release|Any CPU.Build.0 = Release|Any CPU
		{FDAC83CD-451B-4DBE-BDF5-B81F6DB5474B}.Debug|Any CPU.ActiveCfg = Debug|Any CPU
		{FDAC83CD-451B-4DBE-BDF5-B81F6DB5474B}.Debug|Any CPU.Build.0 = Debug|Any CPU
		{FDAC83CD-451B-4DBE-BDF5-B81F6DB5474B}.Release|Any CPU.ActiveCfg = Release|Any CPU
		{FDAC83CD-451B-4DBE-BDF5-B81F6DB5474B}.Release|Any CPU.Build.0 = Release|Any CPU
		{31791373-7C54-4B9D-94CC-452EA87B8A99}.Debug|Any CPU.ActiveCfg = Debug|Any CPU
		{31791373-7C54-4B9D-94CC-452EA87B8A99}.Debug|Any CPU.Build.0 = Debug|Any CPU
		{31791373-7C54-4B9D-94CC-452EA87B8A99}.Release|Any CPU.ActiveCfg = Release|Any CPU
		{31791373-7C54-4B9D-94CC-452EA87B8A99}.Release|Any CPU.Build.0 = Release|Any CPU
		{37965204-C3F2-4A4F-B4D9-C4B6042107DF}.Debug|Any CPU.ActiveCfg = Debug|Any CPU
		{37965204-C3F2-4A4F-B4D9-C4B6042107DF}.Debug|Any CPU.Build.0 = Debug|Any CPU
		{37965204-C3F2-4A4F-B4D9-C4B6042107DF}.Release|Any CPU.ActiveCfg = Release|Any CPU
		{37965204-C3F2-4A4F-B4D9-C4B6042107DF}.Release|Any CPU.Build.0 = Release|Any CPU
		{0151B5DF-E26F-4B2D-9AA8-4FBD2B3EB5F1}.Debug|Any CPU.ActiveCfg = Debug|Any CPU
		{0151B5DF-E26F-4B2D-9AA8-4FBD2B3EB5F1}.Debug|Any CPU.Build.0 = Debug|Any CPU
		{0151B5DF-E26F-4B2D-9AA8-4FBD2B3EB5F1}.Release|Any CPU.ActiveCfg = Release|Any CPU
		{0151B5DF-E26F-4B2D-9AA8-4FBD2B3EB5F1}.Release|Any CPU.Build.0 = Release|Any CPU
		{B8ECDCBC-D8D7-4EAD-A5EB-8C81D3C65D1D}.Debug|Any CPU.ActiveCfg = Debug|Any CPU
		{B8ECDCBC-D8D7-4EAD-A5EB-8C81D3C65D1D}.Debug|Any CPU.Build.0 = Debug|Any CPU
		{B8ECDCBC-D8D7-4EAD-A5EB-8C81D3C65D1D}.Release|Any CPU.ActiveCfg = Release|Any CPU
		{B8ECDCBC-D8D7-4EAD-A5EB-8C81D3C65D1D}.Release|Any CPU.Build.0 = Release|Any CPU
		{2D9B94DD-0387-4D34-920B-2FBAC36DA8CB}.Debug|Any CPU.ActiveCfg = Debug|Any CPU
		{2D9B94DD-0387-4D34-920B-2FBAC36DA8CB}.Debug|Any CPU.Build.0 = Debug|Any CPU
		{2D9B94DD-0387-4D34-920B-2FBAC36DA8CB}.Release|Any CPU.ActiveCfg = Release|Any CPU
		{2D9B94DD-0387-4D34-920B-2FBAC36DA8CB}.Release|Any CPU.Build.0 = Release|Any CPU
		{0A9ACD4F-C5BC-4DF8-AA4D-50AD4FF8DD15}.Debug|Any CPU.ActiveCfg = Debug|Any CPU
		{0A9ACD4F-C5BC-4DF8-AA4D-50AD4FF8DD15}.Debug|Any CPU.Build.0 = Debug|Any CPU
		{0A9ACD4F-C5BC-4DF8-AA4D-50AD4FF8DD15}.Release|Any CPU.ActiveCfg = Release|Any CPU
		{0A9ACD4F-C5BC-4DF8-AA4D-50AD4FF8DD15}.Release|Any CPU.Build.0 = Release|Any CPU
	EndGlobalSection
	GlobalSection(SolutionProperties) = preSolution
		HideSolutionNode = FALSE
	EndGlobalSection
	GlobalSection(ExtensibilityGlobals) = postSolution
		SolutionGuid = {131AEB81-42EB-4724-A0D0-0A3CA532126E}
	EndGlobalSection
EndGlobal
