
Microsoft Visual Studio Solution File, Format Version 12.00
# Visual Studio Version 17
VisualStudioVersion = 17.9.34616.47
MinimumVisualStudioVersion = 10.0.40219.1
Project("{FAE04EC0-301F-11D3-BF4B-00C04F79EFBC}") = "Task1", "Task1\Task1.csproj", "{E20D244B-0269-4FF0-96F1-29749E4D2C1A}"
EndProject
Project("{FAE04EC0-301F-11D3-BF4B-00C04F79EFBC}") = "Task2", "Task2\Task2.csproj", "{A39C3155-D0FD-4ACF-ADC7-E93159188252}"
EndProject
Project("{FAE04EC0-301F-11D3-BF4B-00C04F79EFBC}") = "Task3", "Task3\Task3.csproj", "{30E0A5A9-5DD1-4115-A125-08F3EA537568}"
EndProject
Project("{FAE04EC0-301F-11D3-BF4B-00C04F79EFBC}") = "Task4", "Task4\Task4.csproj", "{A423B7D5-B668-4294-955B-3E04231C33E1}"
EndProject
Global
	GlobalSection(SolutionConfigurationPlatforms) = preSolution
		Debug|Any CPU = Debug|Any CPU
		Release|Any CPU = Release|Any CPU
	EndGlobalSection
	GlobalSection(ProjectConfigurationPlatforms) = postSolution
		{E20D244B-0269-4FF0-96F1-29749E4D2C1A}.Debug|Any CPU.ActiveCfg = Debug|Any CPU
		{E20D244B-0269-4FF0-96F1-29749E4D2C1A}.Debug|Any CPU.Build.0 = Debug|Any CPU
		{E20D244B-0269-4FF0-96F1-29749E4D2C1A}.Release|Any CPU.ActiveCfg = Release|Any CPU
		{E20D244B-0269-4FF0-96F1-29749E4D2C1A}.Release|Any CPU.Build.0 = Release|Any CPU
		{A39C3155-D0FD-4ACF-ADC7-E93159188252}.Debug|Any CPU.ActiveCfg = Debug|Any CPU
		{A39C3155-D0FD-4ACF-ADC7-E93159188252}.Debug|Any CPU.Build.0 = Debug|Any CPU
		{A39C3155-D0FD-4ACF-ADC7-E93159188252}.Release|Any CPU.ActiveCfg = Release|Any CPU
		{A39C3155-D0FD-4ACF-ADC7-E93159188252}.Release|Any CPU.Build.0 = Release|Any CPU
		{30E0A5A9-5DD1-4115-A125-08F3EA537568}.Debug|Any CPU.ActiveCfg = Debug|Any CPU
		{30E0A5A9-5DD1-4115-A125-08F3EA537568}.Debug|Any CPU.Build.0 = Debug|Any CPU
		{30E0A5A9-5DD1-4115-A125-08F3EA537568}.Release|Any CPU.ActiveCfg = Release|Any CPU
		{30E0A5A9-5DD1-4115-A125-08F3EA537568}.Release|Any CPU.Build.0 = Release|Any CPU
		{A423B7D5-B668-4294-955B-3E04231C33E1}.Debug|Any CPU.ActiveCfg = Debug|Any CPU
		{A423B7D5-B668-4294-955B-3E04231C33E1}.Debug|Any CPU.Build.0 = Debug|Any CPU
		{A423B7D5-B668-4294-955B-3E04231C33E1}.Release|Any CPU.ActiveCfg = Release|Any CPU
		{A423B7D5-B668-4294-955B-3E04231C33E1}.Release|Any CPU.Build.0 = Release|Any CPU
	EndGlobalSection
	GlobalSection(SolutionProperties) = preSolution
		HideSolutionNode = FALSE
	EndGlobalSection
	GlobalSection(ExtensibilityGlobals) = postSolution
		SolutionGuid = {7D47F182-6740-4FCF-B48F-D31F374FDC08}
	EndGlobalSection
EndGlobal
