
Microsoft Visual Studio Solution File, Format Version 12.00
# Visual Studio Version 17
VisualStudioVersion = 17.9.34616.47
MinimumVisualStudioVersion = 10.0.40219.1
Project("{FAE04EC0-301F-11D3-BF4B-00C04F79EFBC}") = "Tema3_1", "Tema3_1\Tema3_1.csproj", "{43A66483-EA9F-42D4-B7D0-D6569F088909}"
EndProject
Project("{FAE04EC0-301F-11D3-BF4B-00C04F79EFBC}") = "Tema3_2", "Tema3_2\Tema3_2.csproj", "{16B3A93C-181F-49D6-88AC-BD92E4687387}"
EndProject
Project("{FAE04EC0-301F-11D3-BF4B-00C04F79EFBC}") = "Tema3_3", "Tema3_3\Tema3_3.csproj", "{8B34ECBF-229A-4653-9A3D-5385961B7F2D}"
EndProject
Project("{FAE04EC0-301F-11D3-BF4B-00C04F79EFBC}") = "Tema3_4", "Tema3_4\Tema3_4.csproj", "{C835A7F7-533B-41D2-9611-F933362F74A9}"
EndProject
Project("{FAE04EC0-301F-11D3-BF4B-00C04F79EFBC}") = "Tema3_5", "Tema3_5\Tema3_5.csproj", "{4BC3D6AC-909C-4872-A718-77F68A793C50}"
EndProject
Project("{FAE04EC0-301F-11D3-BF4B-00C04F79EFBC}") = "Tema12_1", "Tema12_1\Tema12_1.csproj", "{DA37D732-EA29-4AE3-830D-F0F4673FB1EB}"
EndProject
Project("{FAE04EC0-301F-11D3-BF4B-00C04F79EFBC}") = "Tema12_2", "Tema12_2\Tema12_2.csproj", "{36AA5F1D-62F6-4737-93FF-72124FB3CF0D}"
EndProject
Project("{FAE04EC0-301F-11D3-BF4B-00C04F79EFBC}") = "Tema12_3", "Tema12_3\Tema12_3.csproj", "{E68D797D-E6BC-4ECB-9DE0-BAB695FD5393}"
EndProject
Project("{FAE04EC0-301F-11D3-BF4B-00C04F79EFBC}") = "Tema12_4", "Tema12_4\Tema12_4.csproj", "{D5CBA9D0-B4BF-4FC2-BB96-83129F76B22B}"
EndProject
Project("{FAE04EC0-301F-11D3-BF4B-00C04F79EFBC}") = "Tema16_1", "Tema16_1\Tema16_1.csproj", "{35EE6395-FFC2-4909-BFEA-C1EE15318D34}"
EndProject
Project("{FAE04EC0-301F-11D3-BF4B-00C04F79EFBC}") = "Tema16_2", "Tema16_2\Tema16_2.csproj", "{0BD41539-D999-4CA3-9578-49099CC56410}"
EndProject
Project("{FAE04EC0-301F-11D3-BF4B-00C04F79EFBC}") = "Tema16_3", "Tema16_3\Tema16_3.csproj", "{857E5569-1160-44AD-A5B4-501B1E76C079}"
EndProject
Project("{FAE04EC0-301F-11D3-BF4B-00C04F79EFBC}") = "Tema16_4", "Tema16_4\Tema16_4.csproj", "{9D4D1D7F-01D7-4443-9BB6-CA88223458A0}"
EndProject
Global
	GlobalSection(SolutionConfigurationPlatforms) = preSolution
		Debug|Any CPU = Debug|Any CPU
		Release|Any CPU = Release|Any CPU
	EndGlobalSection
	GlobalSection(ProjectConfigurationPlatforms) = postSolution
		{43A66483-EA9F-42D4-B7D0-D6569F088909}.Debug|Any CPU.ActiveCfg = Debug|Any CPU
		{43A66483-EA9F-42D4-B7D0-D6569F088909}.Debug|Any CPU.Build.0 = Debug|Any CPU
		{43A66483-EA9F-42D4-B7D0-D6569F088909}.Release|Any CPU.ActiveCfg = Release|Any CPU
		{43A66483-EA9F-42D4-B7D0-D6569F088909}.Release|Any CPU.Build.0 = Release|Any CPU
		{16B3A93C-181F-49D6-88AC-BD92E4687387}.Debug|Any CPU.ActiveCfg = Debug|Any CPU
		{16B3A93C-181F-49D6-88AC-BD92E4687387}.Debug|Any CPU.Build.0 = Debug|Any CPU
		{16B3A93C-181F-49D6-88AC-BD92E4687387}.Release|Any CPU.ActiveCfg = Release|Any CPU
		{16B3A93C-181F-49D6-88AC-BD92E4687387}.Release|Any CPU.Build.0 = Release|Any CPU
		{8B34ECBF-229A-4653-9A3D-5385961B7F2D}.Debug|Any CPU.ActiveCfg = Debug|Any CPU
		{8B34ECBF-229A-4653-9A3D-5385961B7F2D}.Debug|Any CPU.Build.0 = Debug|Any CPU
		{8B34ECBF-229A-4653-9A3D-5385961B7F2D}.Release|Any CPU.ActiveCfg = Release|Any CPU
		{8B34ECBF-229A-4653-9A3D-5385961B7F2D}.Release|Any CPU.Build.0 = Release|Any CPU
		{C835A7F7-533B-41D2-9611-F933362F74A9}.Debug|Any CPU.ActiveCfg = Debug|Any CPU
		{C835A7F7-533B-41D2-9611-F933362F74A9}.Debug|Any CPU.Build.0 = Debug|Any CPU
		{C835A7F7-533B-41D2-9611-F933362F74A9}.Release|Any CPU.ActiveCfg = Release|Any CPU
		{C835A7F7-533B-41D2-9611-F933362F74A9}.Release|Any CPU.Build.0 = Release|Any CPU
		{4BC3D6AC-909C-4872-A718-77F68A793C50}.Debug|Any CPU.ActiveCfg = Debug|Any CPU
		{4BC3D6AC-909C-4872-A718-77F68A793C50}.Debug|Any CPU.Build.0 = Debug|Any CPU
		{4BC3D6AC-909C-4872-A718-77F68A793C50}.Release|Any CPU.ActiveCfg = Release|Any CPU
		{4BC3D6AC-909C-4872-A718-77F68A793C50}.Release|Any CPU.Build.0 = Release|Any CPU
		{DA37D732-EA29-4AE3-830D-F0F4673FB1EB}.Debug|Any CPU.ActiveCfg = Debug|Any CPU
		{DA37D732-EA29-4AE3-830D-F0F4673FB1EB}.Debug|Any CPU.Build.0 = Debug|Any CPU
		{DA37D732-EA29-4AE3-830D-F0F4673FB1EB}.Release|Any CPU.ActiveCfg = Release|Any CPU
		{DA37D732-EA29-4AE3-830D-F0F4673FB1EB}.Release|Any CPU.Build.0 = Release|Any CPU
		{36AA5F1D-62F6-4737-93FF-72124FB3CF0D}.Debug|Any CPU.ActiveCfg = Debug|Any CPU
		{36AA5F1D-62F6-4737-93FF-72124FB3CF0D}.Debug|Any CPU.Build.0 = Debug|Any CPU
		{36AA5F1D-62F6-4737-93FF-72124FB3CF0D}.Release|Any CPU.ActiveCfg = Release|Any CPU
		{36AA5F1D-62F6-4737-93FF-72124FB3CF0D}.Release|Any CPU.Build.0 = Release|Any CPU
		{E68D797D-E6BC-4ECB-9DE0-BAB695FD5393}.Debug|Any CPU.ActiveCfg = Debug|Any CPU
		{E68D797D-E6BC-4ECB-9DE0-BAB695FD5393}.Debug|Any CPU.Build.0 = Debug|Any CPU
		{E68D797D-E6BC-4ECB-9DE0-BAB695FD5393}.Release|Any CPU.ActiveCfg = Release|Any CPU
		{E68D797D-E6BC-4ECB-9DE0-BAB695FD5393}.Release|Any CPU.Build.0 = Release|Any CPU
		{D5CBA9D0-B4BF-4FC2-BB96-83129F76B22B}.Debug|Any CPU.ActiveCfg = Debug|Any CPU
		{D5CBA9D0-B4BF-4FC2-BB96-83129F76B22B}.Debug|Any CPU.Build.0 = Debug|Any CPU
		{D5CBA9D0-B4BF-4FC2-BB96-83129F76B22B}.Release|Any CPU.ActiveCfg = Release|Any CPU
		{D5CBA9D0-B4BF-4FC2-BB96-83129F76B22B}.Release|Any CPU.Build.0 = Release|Any CPU
		{35EE6395-FFC2-4909-BFEA-C1EE15318D34}.Debug|Any CPU.ActiveCfg = Debug|Any CPU
		{35EE6395-FFC2-4909-BFEA-C1EE15318D34}.Debug|Any CPU.Build.0 = Debug|Any CPU
		{35EE6395-FFC2-4909-BFEA-C1EE15318D34}.Release|Any CPU.ActiveCfg = Release|Any CPU
		{35EE6395-FFC2-4909-BFEA-C1EE15318D34}.Release|Any CPU.Build.0 = Release|Any CPU
		{0BD41539-D999-4CA3-9578-49099CC56410}.Debug|Any CPU.ActiveCfg = Debug|Any CPU
		{0BD41539-D999-4CA3-9578-49099CC56410}.Debug|Any CPU.Build.0 = Debug|Any CPU
		{0BD41539-D999-4CA3-9578-49099CC56410}.Release|Any CPU.ActiveCfg = Release|Any CPU
		{0BD41539-D999-4CA3-9578-49099CC56410}.Release|Any CPU.Build.0 = Release|Any CPU
		{857E5569-1160-44AD-A5B4-501B1E76C079}.Debug|Any CPU.ActiveCfg = Debug|Any CPU
		{857E5569-1160-44AD-A5B4-501B1E76C079}.Debug|Any CPU.Build.0 = Debug|Any CPU
		{857E5569-1160-44AD-A5B4-501B1E76C079}.Release|Any CPU.ActiveCfg = Release|Any CPU
		{857E5569-1160-44AD-A5B4-501B1E76C079}.Release|Any CPU.Build.0 = Release|Any CPU
		{9D4D1D7F-01D7-4443-9BB6-CA88223458A0}.Debug|Any CPU.ActiveCfg = Debug|Any CPU
		{9D4D1D7F-01D7-4443-9BB6-CA88223458A0}.Debug|Any CPU.Build.0 = Debug|Any CPU
		{9D4D1D7F-01D7-4443-9BB6-CA88223458A0}.Release|Any CPU.ActiveCfg = Release|Any CPU
		{9D4D1D7F-01D7-4443-9BB6-CA88223458A0}.Release|Any CPU.Build.0 = Release|Any CPU
	EndGlobalSection
	GlobalSection(SolutionProperties) = preSolution
		HideSolutionNode = FALSE
	EndGlobalSection
	GlobalSection(ExtensibilityGlobals) = postSolution
		SolutionGuid = {9CB13F1C-1239-42C9-87A6-D81E52032528}
	EndGlobalSection
EndGlobal
