
Microsoft Visual Studio Solution File, Format Version 12.00
# Visual Studio Version 17
VisualStudioVersion = 17.9.34616.47
MinimumVisualStudioVersion = 10.0.40219.1
Project("{FAE04EC0-301F-11D3-BF4B-00C04F79EFBC}") = "Task1", "Task1\Task1.csproj", "{2CA4D016-CA54-41EF-A58C-81DDB3522518}"
EndProject
Project("{FAE04EC0-301F-11D3-BF4B-00C04F79EFBC}") = "Task2", "Task2\Task2.csproj", "{F2B83EBC-7C4D-44A4-BFC8-4EE5DE2DDF6A}"
EndProject
Project("{FAE04EC0-301F-11D3-BF4B-00C04F79EFBC}") = "Task3", "Task3\Task3.csproj", "{9957C450-C4A9-4E15-BD33-81A10BCB47B7}"
EndProject
Project("{FAE04EC0-301F-11D3-BF4B-00C04F79EFBC}") = "Task4", "Task4\Task4.csproj", "{319B90E2-2CE6-4622-9C79-DBC6C891D740}"
EndProject
Project("{FAE04EC0-301F-11D3-BF4B-00C04F79EFBC}") = "Task5", "Task5\Task5.csproj", "{838D5721-3C5F-4EDF-B2A8-D68BAB694451}"
EndProject
Global
	GlobalSection(SolutionConfigurationPlatforms) = preSolution
		Debug|Any CPU = Debug|Any CPU
		Release|Any CPU = Release|Any CPU
	EndGlobalSection
	GlobalSection(ProjectConfigurationPlatforms) = postSolution
		{2CA4D016-CA54-41EF-A58C-81DDB3522518}.Debug|Any CPU.ActiveCfg = Debug|Any CPU
		{2CA4D016-CA54-41EF-A58C-81DDB3522518}.Debug|Any CPU.Build.0 = Debug|Any CPU
		{2CA4D016-CA54-41EF-A58C-81DDB3522518}.Release|Any CPU.ActiveCfg = Release|Any CPU
		{2CA4D016-CA54-41EF-A58C-81DDB3522518}.Release|Any CPU.Build.0 = Release|Any CPU
		{F2B83EBC-7C4D-44A4-BFC8-4EE5DE2DDF6A}.Debug|Any CPU.ActiveCfg = Debug|Any CPU
		{F2B83EBC-7C4D-44A4-BFC8-4EE5DE2DDF6A}.Debug|Any CPU.Build.0 = Debug|Any CPU
		{F2B83EBC-7C4D-44A4-BFC8-4EE5DE2DDF6A}.Release|Any CPU.ActiveCfg = Release|Any CPU
		{F2B83EBC-7C4D-44A4-BFC8-4EE5DE2DDF6A}.Release|Any CPU.Build.0 = Release|Any CPU
		{9957C450-C4A9-4E15-BD33-81A10BCB47B7}.Debug|Any CPU.ActiveCfg = Debug|Any CPU
		{9957C450-C4A9-4E15-BD33-81A10BCB47B7}.Debug|Any CPU.Build.0 = Debug|Any CPU
		{9957C450-C4A9-4E15-BD33-81A10BCB47B7}.Release|Any CPU.ActiveCfg = Release|Any CPU
		{9957C450-C4A9-4E15-BD33-81A10BCB47B7}.Release|Any CPU.Build.0 = Release|Any CPU
		{319B90E2-2CE6-4622-9C79-DBC6C891D740}.Debug|Any CPU.ActiveCfg = Debug|Any CPU
		{319B90E2-2CE6-4622-9C79-DBC6C891D740}.Debug|Any CPU.Build.0 = Debug|Any CPU
		{319B90E2-2CE6-4622-9C79-DBC6C891D740}.Release|Any CPU.ActiveCfg = Release|Any CPU
		{319B90E2-2CE6-4622-9C79-DBC6C891D740}.Release|Any CPU.Build.0 = Release|Any CPU
		{838D5721-3C5F-4EDF-B2A8-D68BAB694451}.Debug|Any CPU.ActiveCfg = Debug|Any CPU
		{838D5721-3C5F-4EDF-B2A8-D68BAB694451}.Debug|Any CPU.Build.0 = Debug|Any CPU
		{838D5721-3C5F-4EDF-B2A8-D68BAB694451}.Release|Any CPU.ActiveCfg = Release|Any CPU
		{838D5721-3C5F-4EDF-B2A8-D68BAB694451}.Release|Any CPU.Build.0 = Release|Any CPU
	EndGlobalSection
	GlobalSection(SolutionProperties) = preSolution
		HideSolutionNode = FALSE
	EndGlobalSection
	GlobalSection(ExtensibilityGlobals) = postSolution
		SolutionGuid = {878298DE-FBC8-4CAE-AD71-02C125765675}
	EndGlobalSection
EndGlobal
