
Microsoft Visual Studio Solution File, Format Version 12.00
# Visual Studio Version 17
VisualStudioVersion = 17.9.34616.47
MinimumVisualStudioVersion = 10.0.40219.1
Project("{FAE04EC0-301F-11D3-BF4B-00C04F79EFBC}") = "Task1", "Task1\Task1.csproj", "{71B1B8C7-EAC5-4773-8D29-BDEDB472C7C5}"
EndProject
Project("{FAE04EC0-301F-11D3-BF4B-00C04F79EFBC}") = "Task2", "Task2\Task2.csproj", "{E7AC8321-433D-4070-8989-B0789C41B4F1}"
EndProject
Project("{FAE04EC0-301F-11D3-BF4B-00C04F79EFBC}") = "Task3", "Task3\Task3.csproj", "{D573C285-23BB-417D-AC1E-88A515E4032C}"
EndProject
Global
	GlobalSection(SolutionConfigurationPlatforms) = preSolution
		Debug|Any CPU = Debug|Any CPU
		Release|Any CPU = Release|Any CPU
	EndGlobalSection
	GlobalSection(ProjectConfigurationPlatforms) = postSolution
		{71B1B8C7-EAC5-4773-8D29-BDEDB472C7C5}.Debug|Any CPU.ActiveCfg = Debug|Any CPU
		{71B1B8C7-EAC5-4773-8D29-BDEDB472C7C5}.Debug|Any CPU.Build.0 = Debug|Any CPU
		{71B1B8C7-EAC5-4773-8D29-BDEDB472C7C5}.Release|Any CPU.ActiveCfg = Release|Any CPU
		{71B1B8C7-EAC5-4773-8D29-BDEDB472C7C5}.Release|Any CPU.Build.0 = Release|Any CPU
		{E7AC8321-433D-4070-8989-B0789C41B4F1}.Debug|Any CPU.ActiveCfg = Debug|Any CPU
		{E7AC8321-433D-4070-8989-B0789C41B4F1}.Debug|Any CPU.Build.0 = Debug|Any CPU
		{E7AC8321-433D-4070-8989-B0789C41B4F1}.Release|Any CPU.ActiveCfg = Release|Any CPU
		{E7AC8321-433D-4070-8989-B0789C41B4F1}.Release|Any CPU.Build.0 = Release|Any CPU
		{D573C285-23BB-417D-AC1E-88A515E4032C}.Debug|Any CPU.ActiveCfg = Debug|Any CPU
		{D573C285-23BB-417D-AC1E-88A515E4032C}.Debug|Any CPU.Build.0 = Debug|Any CPU
		{D573C285-23BB-417D-AC1E-88A515E4032C}.Release|Any CPU.ActiveCfg = Release|Any CPU
		{D573C285-23BB-417D-AC1E-88A515E4032C}.Release|Any CPU.Build.0 = Release|Any CPU
	EndGlobalSection
	GlobalSection(SolutionProperties) = preSolution
		HideSolutionNode = FALSE
	EndGlobalSection
	GlobalSection(ExtensibilityGlobals) = postSolution
		SolutionGuid = {7B3EAEE6-5297-43D5-800A-393E1039FD80}
	EndGlobalSection
EndGlobal
